// !$*UTF8*$!
{
	archiveVersion = 1;
	classes = {
	};
	objectVersion = 77;
	objects = {

/* Begin PBXBuildFile section */
		0C76C9B9EF62C5F47CA66793 /* JourneyPlan.swift in Sources */ = {isa = PBXBuildFile; fileRef = C375549C5E0857A858E3A5A4 /* JourneyPlan.swift */; };
		1742D71030D0A37624C5B859 /* ETAEstimatorTests.swift in Sources */ = {isa = PBXBuildFile; fileRef = 23BE67D1EE96C0B24300BD87 /* ETAEstimatorTests.swift */; };
		17DA592D09FA450A8D4298F5 /* Geocoding.swift in Sources */ = {isa = PBXBuildFile; fileRef = 2EF3F19239E96B123B08E341 /* Geocoding.swift */; };
		18F508C9F63FD211D00F2238 /* TrafficAggregation.swift in Sources */ = {isa = PBXBuildFile; fileRef = AC55DA00E387D582B295C0AF /* TrafficAggregation.swift */; };
		1955E621062DF053FFC1E0D1 /* DemoConfig.swift in Sources */ = {isa = PBXBuildFile; fileRef = CEB798DA880F5AD78E2B8A6F /* DemoConfig.swift */; };
		2090EBE972C5486D6F883651 /* NationalRailLegUpdater.swift in Sources */ = {isa = PBXBuildFile; fileRef = DD59A5A75C635BC0D789AE86 /* NationalRailLegUpdater.swift */; };
		2234F7AF79411C10E6A4CD01 /* RecommendationCard.swift in Sources */ = {isa = PBXBuildFile; fileRef = ED760F94B8585E1894525956 /* RecommendationCard.swift */; };
		22BE16AB4FAFBDE497112422 /* Secrets.plist.example in Resources */ = {isa = PBXBuildFile; fileRef = 941AFBAE59D81B70C568D5C7 /* Secrets.plist.example */; };
		2380397D22D3AF70F4FC8C67 /* Errors.swift in Sources */ = {isa = PBXBuildFile; fileRef = 8374F3EF5E8BFF2ADD5E9E87 /* Errors.swift */; };
		27F318F3CC7E2B2B81731E82 /* RecommendationViewModel.swift in Sources */ = {isa = PBXBuildFile; fileRef = FD60E32A0B2D7802239F9C47 /* RecommendationViewModel.swift */; };
		32E56BCA55F2FF4F1C13C795 /* ExplanationBuilderTests.swift in Sources */ = {isa = PBXBuildFile; fileRef = 3B1FE661B8AB34E6D4E57A4E /* ExplanationBuilderTests.swift */; };
		34F36C2ACB2DC01BC0FBC263 /* TflTransitService.swift in Sources */ = {isa = PBXBuildFile; fileRef = 8B1A11D2943832785A4C9970 /* TflTransitService.swift */; };
		3BC95D50F4BF6A5BF9C2A52F /* Secrets.plist in Resources */ = {isa = PBXBuildFile; fileRef = 4272D616BCD2038A4FB3155B /* Secrets.plist */; };
		3F2F81F2F8BC06BE17F4EF1E /* ExplanationBuilder.swift in Sources */ = {isa = PBXBuildFile; fileRef = 842161B7BAAC39CC44D3C81F /* ExplanationBuilder.swift */; };
		4498551C9952FAD49458BA00 /* NationalRailService.swift in Sources */ = {isa = PBXBuildFile; fileRef = 11DB2F736D7AF021338AE345 /* NationalRailService.swift */; };
		49514D671AF6DD71E786399F /* TrafficService.swift in Sources */ = {isa = PBXBuildFile; fileRef = B72E5DAC5011222FF6C1AE45 /* TrafficService.swift */; };
		4A0AEE296757DFF939EF4750 /* LocationService.swift in Sources */ = {isa = PBXBuildFile; fileRef = AC33FCCB8B361C3997765B70 /* LocationService.swift */; };
		5F3CCB46496604614702C179 /* WeatherService.swift in Sources */ = {isa = PBXBuildFile; fileRef = 6FDA1356C28FF6F6F6CDFA69 /* WeatherService.swift */; };
		64341D956C661ED4252487F5 /* HistoryView.swift in Sources */ = {isa = PBXBuildFile; fileRef = 586AA68D0BD5BA8086CB4C08 /* HistoryView.swift */; };
		6E2800606CD09E6D1794AA99 /* RecommenderV2.swift in Sources */ = {isa = PBXBuildFile; fileRef = 7740F7261C2BE6DF3BE65BB7 /* RecommenderV2.swift */; };
		701BC9F9B5C8D51CA83372DD /* RealtimeTrainsService.swift in Sources */ = {isa = PBXBuildFile; fileRef = E3B1F3F4EE2635D9B80CB912 /* RealtimeTrainsService.swift */; };
		707B377BDF78E4CC56C156C8 /* LeaveNowApp.swift in Sources */ = {isa = PBXBuildFile; fileRef = 189A26B93EFCE077F713BF4D /* LeaveNowApp.swift */; };
		77FC75B12D50616EC560430D /* RouteMapper.swift in Sources */ = {isa = PBXBuildFile; fileRef = 587037DA9503CFCB3093A8AE /* RouteMapper.swift */; };
		7CB7A2189C23553D1B286C3E /* Config.swift in Sources */ = {isa = PBXBuildFile; fileRef = AD6FCC5650B755876C1D5FB6 /* Config.swift */; };
		7F891AA2D390B23F7EC876C6 /* SettingsView.swift in Sources */ = {isa = PBXBuildFile; fileRef = 3DACBA925407E8BFFD41329C /* SettingsView.swift */; };
		93CB880F45B33BA23B5F7AF0 /* Secrets.swift in Sources */ = {isa = PBXBuildFile; fileRef = A3A607EF71A0A54D2F13F6AF /* Secrets.swift */; };
		980FE00B6E6EA06182E62400 /* Assets.xcassets in Resources */ = {isa = PBXBuildFile; fileRef = 232716AB4D7885EC5DCD35A1 /* Assets.xcassets */; };
		A7B8A7A039CFD3891D67ABD9 /* StationNameMapper.swift in Sources */ = {isa = PBXBuildFile; fileRef = EF50C33552F1042EC13A4FC9 /* StationNameMapper.swift */; };
		AFE6F47AB1084889EF1F7DA5 /* UserPrefs.swift in Sources */ = {isa = PBXBuildFile; fileRef = 2B11F2C7E5D9D6D30EA3D17D /* UserPrefs.swift */; };
		B05BE2F8E3A8C96FDF7A9C6F /* MapsService.swift in Sources */ = {isa = PBXBuildFile; fileRef = 1A1D4EB79CD7D7CD59368EAB /* MapsService.swift */; };
		B116E06CBC7DC001F68230D3 /* RecommenderTests.swift in Sources */ = {isa = PBXBuildFile; fileRef = 0799E4E9F8849780821B9D1D /* RecommenderTests.swift */; };
		C3429B97B6A9A91924962173 /* Recommender.swift in Sources */ = {isa = PBXBuildFile; fileRef = EA711E927EC04140DF8D1AAE /* Recommender.swift */; };
		CB288580D476E43F0FAF2F51 /* RealtimeTrainsDecodingTests.swift in Sources */ = {isa = PBXBuildFile; fileRef = 14CAD1B3CF3CA723F4E45456 /* RealtimeTrainsDecodingTests.swift */; };
		CE95DC519014977FC1CC0387 /* TransitService.swift in Sources */ = {isa = PBXBuildFile; fileRef = 92C69833B191792E08C658CC /* TransitService.swift */; };
		D367CF8A1FD7315643116154 /* DestinationPicker.swift in Sources */ = {isa = PBXBuildFile; fileRef = D38794FDCBDF8FB41531D4AA /* DestinationPicker.swift */; };
		D49FB1AC45A76B7E5BDB3570 /* Disruption.swift in Sources */ = {isa = PBXBuildFile; fileRef = C5AEEA9A65143B4E3074F567 /* Disruption.swift */; };
		DA1E3AE3F143CE3764B0F457 /* BacktestHarness.swift in Sources */ = {isa = PBXBuildFile; fileRef = 162A95AE087BA049F55510DA /* BacktestHarness.swift */; };
		DB21185FB85490E2A366BFB1 /* Weather.swift in Sources */ = {isa = PBXBuildFile; fileRef = 937A330D89D6345D2550C3FA /* Weather.swift */; };
		E543512B81A9E36925190016 /* LeaveNowView.swift in Sources */ = {isa = PBXBuildFile; fileRef = 3BC8BE59FEACE7236F41232B /* LeaveNowView.swift */; };
		E67E3BF40210CD34A46BE31B /* UncertaintyModelTests.swift in Sources */ = {isa = PBXBuildFile; fileRef = BF7D5421E0E84167815DC6D7 /* UncertaintyModelTests.swift */; };
		EB9B05EE47725526BEFE5F98 /* TripHistoryStore.swift in Sources */ = {isa = PBXBuildFile; fileRef = 12D738198272E9772F352B97 /* TripHistoryStore.swift */; };
		EE3D18454F1A69F700D96C4B /* ETAEstimator.swift in Sources */ = {isa = PBXBuildFile; fileRef = 46EAF1774B23EC95B52BE3DF /* ETAEstimator.swift */; };
		F0A676185770BECFD2AE2939 /* RouteLeg.swift in Sources */ = {isa = PBXBuildFile; fileRef = 1763DC7A08ACEA21783E735F /* RouteLeg.swift */; };
		F1CA051F04390745212C3FBF /* UncertaintyModel.swift in Sources */ = {isa = PBXBuildFile; fileRef = AD050FB86C7C9F7478C610C7 /* UncertaintyModel.swift */; };
		F7D60A8CA557C51EFC8EC9D5 /* Recommendation.swift in Sources */ = {isa = PBXBuildFile; fileRef = 2D36E74276B2D99F9460EA5E /* Recommendation.swift */; };
		FC9E3767B26C5E21F6B8245C /* TransitAggregation.swift in Sources */ = {isa = PBXBuildFile; fileRef = D4B34453C358005BB1A2AD26 /* TransitAggregation.swift */; };
/* End PBXBuildFile section */

/* Begin PBXContainerItemProxy section */
		4E2535878BC4E9D3EB8C56A3 /* PBXContainerItemProxy */ = {
			isa = PBXContainerItemProxy;
			containerPortal = 5A5D009E0129D7234DE0AA2B /* Project object */;
			proxyType = 1;
			remoteGlobalIDString = BB271E4184E0968CC4BD61FF;
			remoteInfo = LeaveNow;
		};
/* End PBXContainerItemProxy section */

/* Begin PBXFileReference section */
		0799E4E9F8849780821B9D1D /* RecommenderTests.swift */ = {isa = PBXFileReference; lastKnownFileType = sourcecode.swift; path = RecommenderTests.swift; sourceTree = "<group>"; };
		11DB2F736D7AF021338AE345 /* NationalRailService.swift */ = {isa = PBXFileReference; lastKnownFileType = sourcecode.swift; path = NationalRailService.swift; sourceTree = "<group>"; };
		12D738198272E9772F352B97 /* TripHistoryStore.swift */ = {isa = PBXFileReference; lastKnownFileType = sourcecode.swift; path = TripHistoryStore.swift; sourceTree = "<group>"; };
		14CAD1B3CF3CA723F4E45456 /* RealtimeTrainsDecodingTests.swift */ = {isa = PBXFileReference; lastKnownFileType = sourcecode.swift; path = RealtimeTrainsDecodingTests.swift; sourceTree = "<group>"; };
		162A95AE087BA049F55510DA /* BacktestHarness.swift */ = {isa = PBXFileReference; lastKnownFileType = sourcecode.swift; path = BacktestHarness.swift; sourceTree = "<group>"; };
		1763DC7A08ACEA21783E735F /* RouteLeg.swift */ = {isa = PBXFileReference; lastKnownFileType = sourcecode.swift; path = RouteLeg.swift; sourceTree = "<group>"; };
		189A26B93EFCE077F713BF4D /* LeaveNowApp.swift */ = {isa = PBXFileReference; lastKnownFileType = sourcecode.swift; path = LeaveNowApp.swift; sourceTree = "<group>"; };
		1A1D4EB79CD7D7CD59368EAB /* MapsService.swift */ = {isa = PBXFileReference; lastKnownFileType = sourcecode.swift; path = MapsService.swift; sourceTree = "<group>"; };
		232716AB4D7885EC5DCD35A1 /* Assets.xcassets */ = {isa = PBXFileReference; lastKnownFileType = folder.assetcatalog; path = Assets.xcassets; sourceTree = "<group>"; };
		23BE67D1EE96C0B24300BD87 /* ETAEstimatorTests.swift */ = {isa = PBXFileReference; lastKnownFileType = sourcecode.swift; path = ETAEstimatorTests.swift; sourceTree = "<group>"; };
		2B11F2C7E5D9D6D30EA3D17D /* UserPrefs.swift */ = {isa = PBXFileReference; lastKnownFileType = sourcecode.swift; path = UserPrefs.swift; sourceTree = "<group>"; };
		2C4E840C9018B4873333E31D /* LeaveNowTests.xctest */ = {isa = PBXFileReference; includeInIndex = 0; lastKnownFileType = wrapper.cfbundle; path = LeaveNowTests.xctest; sourceTree = BUILT_PRODUCTS_DIR; };
		2D36E74276B2D99F9460EA5E /* Recommendation.swift */ = {isa = PBXFileReference; lastKnownFileType = sourcecode.swift; path = Recommendation.swift; sourceTree = "<group>"; };
		2EF3F19239E96B123B08E341 /* Geocoding.swift */ = {isa = PBXFileReference; lastKnownFileType = sourcecode.swift; path = Geocoding.swift; sourceTree = "<group>"; };
		3B1FE661B8AB34E6D4E57A4E /* ExplanationBuilderTests.swift */ = {isa = PBXFileReference; lastKnownFileType = sourcecode.swift; path = ExplanationBuilderTests.swift; sourceTree = "<group>"; };
		3BC8BE59FEACE7236F41232B /* LeaveNowView.swift */ = {isa = PBXFileReference; lastKnownFileType = sourcecode.swift; path = LeaveNowView.swift; sourceTree = "<group>"; };
		3DACBA925407E8BFFD41329C /* SettingsView.swift */ = {isa = PBXFileReference; lastKnownFileType = sourcecode.swift; path = SettingsView.swift; sourceTree = "<group>"; };
		4272D616BCD2038A4FB3155B /* Secrets.plist */ = {isa = PBXFileReference; lastKnownFileType = text.plist; path = Secrets.plist; sourceTree = "<group>"; };
		46EAF1774B23EC95B52BE3DF /* ETAEstimator.swift */ = {isa = PBXFileReference; lastKnownFileType = sourcecode.swift; path = ETAEstimator.swift; sourceTree = "<group>"; };
		4CF121D705C92F572B90B29D /* LeaveNow.app */ = {isa = PBXFileReference; includeInIndex = 0; lastKnownFileType = wrapper.application; path = LeaveNow.app; sourceTree = BUILT_PRODUCTS_DIR; };
		50F328BA049F525B891F0C0D /* Info.plist */ = {isa = PBXFileReference; lastKnownFileType = text.plist; path = Info.plist; sourceTree = "<group>"; };
		586AA68D0BD5BA8086CB4C08 /* HistoryView.swift */ = {isa = PBXFileReference; lastKnownFileType = sourcecode.swift; path = HistoryView.swift; sourceTree = "<group>"; };
		587037DA9503CFCB3093A8AE /* RouteMapper.swift */ = {isa = PBXFileReference; lastKnownFileType = sourcecode.swift; path = RouteMapper.swift; sourceTree = "<group>"; };
		6FDA1356C28FF6F6F6CDFA69 /* WeatherService.swift */ = {isa = PBXFileReference; lastKnownFileType = sourcecode.swift; path = WeatherService.swift; sourceTree = "<group>"; };
		7740F7261C2BE6DF3BE65BB7 /* RecommenderV2.swift */ = {isa = PBXFileReference; lastKnownFileType = sourcecode.swift; path = RecommenderV2.swift; sourceTree = "<group>"; };
		8374F3EF5E8BFF2ADD5E9E87 /* Errors.swift */ = {isa = PBXFileReference; lastKnownFileType = sourcecode.swift; path = Errors.swift; sourceTree = "<group>"; };
		842161B7BAAC39CC44D3C81F /* ExplanationBuilder.swift */ = {isa = PBXFileReference; lastKnownFileType = sourcecode.swift; path = ExplanationBuilder.swift; sourceTree = "<group>"; };
		8B1A11D2943832785A4C9970 /* TflTransitService.swift */ = {isa = PBXFileReference; lastKnownFileType = sourcecode.swift; path = TflTransitService.swift; sourceTree = "<group>"; };
		92C69833B191792E08C658CC /* TransitService.swift */ = {isa = PBXFileReference; lastKnownFileType = sourcecode.swift; path = TransitService.swift; sourceTree = "<group>"; };
		937A330D89D6345D2550C3FA /* Weather.swift */ = {isa = PBXFileReference; lastKnownFileType = sourcecode.swift; path = Weather.swift; sourceTree = "<group>"; };
		941AFBAE59D81B70C568D5C7 /* Secrets.plist.example */ = {isa = PBXFileReference; path = Secrets.plist.example; sourceTree = "<group>"; };
		A3A607EF71A0A54D2F13F6AF /* Secrets.swift */ = {isa = PBXFileReference; lastKnownFileType = sourcecode.swift; path = Secrets.swift; sourceTree = "<group>"; };
		AC33FCCB8B361C3997765B70 /* LocationService.swift */ = {isa = PBXFileReference; lastKnownFileType = sourcecode.swift; path = LocationService.swift; sourceTree = "<group>"; };
		AC55DA00E387D582B295C0AF /* TrafficAggregation.swift */ = {isa = PBXFileReference; lastKnownFileType = sourcecode.swift; path = TrafficAggregation.swift; sourceTree = "<group>"; };
		AD050FB86C7C9F7478C610C7 /* UncertaintyModel.swift */ = {isa = PBXFileReference; lastKnownFileType = sourcecode.swift; path = UncertaintyModel.swift; sourceTree = "<group>"; };
		AD6FCC5650B755876C1D5FB6 /* Config.swift */ = {isa = PBXFileReference; lastKnownFileType = sourcecode.swift; path = Config.swift; sourceTree = "<group>"; };
		B72E5DAC5011222FF6C1AE45 /* TrafficService.swift */ = {isa = PBXFileReference; lastKnownFileType = sourcecode.swift; path = TrafficService.swift; sourceTree = "<group>"; };
		BF7D5421E0E84167815DC6D7 /* UncertaintyModelTests.swift */ = {isa = PBXFileReference; lastKnownFileType = sourcecode.swift; path = UncertaintyModelTests.swift; sourceTree = "<group>"; };
		C375549C5E0857A858E3A5A4 /* JourneyPlan.swift */ = {isa = PBXFileReference; lastKnownFileType = sourcecode.swift; path = JourneyPlan.swift; sourceTree = "<group>"; };
		C5AEEA9A65143B4E3074F567 /* Disruption.swift */ = {isa = PBXFileReference; lastKnownFileType = sourcecode.swift; path = Disruption.swift; sourceTree = "<group>"; };
		CEB798DA880F5AD78E2B8A6F /* DemoConfig.swift */ = {isa = PBXFileReference; lastKnownFileType = sourcecode.swift; path = DemoConfig.swift; sourceTree = "<group>"; };
		D38794FDCBDF8FB41531D4AA /* DestinationPicker.swift */ = {isa = PBXFileReference; lastKnownFileType = sourcecode.swift; path = DestinationPicker.swift; sourceTree = "<group>"; };
		D4B34453C358005BB1A2AD26 /* TransitAggregation.swift */ = {isa = PBXFileReference; lastKnownFileType = sourcecode.swift; path = TransitAggregation.swift; sourceTree = "<group>"; };
		DD59A5A75C635BC0D789AE86 /* NationalRailLegUpdater.swift */ = {isa = PBXFileReference; lastKnownFileType = sourcecode.swift; path = NationalRailLegUpdater.swift; sourceTree = "<group>"; };
		E3B1F3F4EE2635D9B80CB912 /* RealtimeTrainsService.swift */ = {isa = PBXFileReference; lastKnownFileType = sourcecode.swift; path = RealtimeTrainsService.swift; sourceTree = "<group>"; };
		EA711E927EC04140DF8D1AAE /* Recommender.swift */ = {isa = PBXFileReference; lastKnownFileType = sourcecode.swift; path = Recommender.swift; sourceTree = "<group>"; };
		ED760F94B8585E1894525956 /* RecommendationCard.swift */ = {isa = PBXFileReference; lastKnownFileType = sourcecode.swift; path = RecommendationCard.swift; sourceTree = "<group>"; };
		EF50C33552F1042EC13A4FC9 /* StationNameMapper.swift */ = {isa = PBXFileReference; lastKnownFileType = sourcecode.swift; path = StationNameMapper.swift; sourceTree = "<group>"; };
		FD60E32A0B2D7802239F9C47 /* RecommendationViewModel.swift */ = {isa = PBXFileReference; lastKnownFileType = sourcecode.swift; path = RecommendationViewModel.swift; sourceTree = "<group>"; };
/* End PBXFileReference section */

/* Begin PBXGroup section */
		2BFC96F821D0FAC817766ED5 /* Resources */ = {
			isa = PBXGroup;
			children = (
				232716AB4D7885EC5DCD35A1 /* Assets.xcassets */,
				50F328BA049F525B891F0C0D /* Info.plist */,
			);
			path = Resources;
			sourceTree = "<group>";
		};
		5064CC89929A004828892BEB /* Components */ = {
			isa = PBXGroup;
			children = (
				ED760F94B8585E1894525956 /* RecommendationCard.swift */,
			);
			path = Components;
			sourceTree = "<group>";
		};
		65D841A9F63A484AD6E6F977 /* App */ = {
			isa = PBXGroup;
			children = (
				B6E9E2992076E0AA1F11FE39 /* Engine */,
				CDE6FB2DC3507FC97C93960F /* Models */,
				2BFC96F821D0FAC817766ED5 /* Resources */,
				80BBE6DB333042BFE7D51F74 /* Services */,
				D83E8B5C1253673EC25E4AF3 /* Store */,
				A0919E9380545B529FC27E41 /* Support */,
				919B074B19F9F3EB44A5932D /* UI */,
			);
			path = App;
			sourceTree = "<group>";
		};
		80BBE6DB333042BFE7D51F74 /* Services */ = {
			isa = PBXGroup;
			children = (
				AC33FCCB8B361C3997765B70 /* LocationService.swift */,
				1A1D4EB79CD7D7CD59368EAB /* MapsService.swift */,
				DD59A5A75C635BC0D789AE86 /* NationalRailLegUpdater.swift */,
				11DB2F736D7AF021338AE345 /* NationalRailService.swift */,
				E3B1F3F4EE2635D9B80CB912 /* RealtimeTrainsService.swift */,
				8B1A11D2943832785A4C9970 /* TflTransitService.swift */,
				AC55DA00E387D582B295C0AF /* TrafficAggregation.swift */,
				B72E5DAC5011222FF6C1AE45 /* TrafficService.swift */,
				D4B34453C358005BB1A2AD26 /* TransitAggregation.swift */,
				92C69833B191792E08C658CC /* TransitService.swift */,
				6FDA1356C28FF6F6F6CDFA69 /* WeatherService.swift */,
			);
			path = Services;
			sourceTree = "<group>";
		};
		8BBDB65B1D3985ECCAE99531 /* Products */ = {
			isa = PBXGroup;
			children = (
				4CF121D705C92F572B90B29D /* LeaveNow.app */,
				2C4E840C9018B4873333E31D /* LeaveNowTests.xctest */,
			);
			name = Products;
			sourceTree = "<group>";
		};
		919B074B19F9F3EB44A5932D /* UI */ = {
			isa = PBXGroup;
			children = (
				D38794FDCBDF8FB41531D4AA /* DestinationPicker.swift */,
				586AA68D0BD5BA8086CB4C08 /* HistoryView.swift */,
				189A26B93EFCE077F713BF4D /* LeaveNowApp.swift */,
				3BC8BE59FEACE7236F41232B /* LeaveNowView.swift */,
				FD60E32A0B2D7802239F9C47 /* RecommendationViewModel.swift */,
				3DACBA925407E8BFFD41329C /* SettingsView.swift */,
				5064CC89929A004828892BEB /* Components */,
			);
			path = UI;
			sourceTree = "<group>";
		};
		98913D805D1E01927E41328B /* Tests */ = {
			isa = PBXGroup;
			children = (
				23BE67D1EE96C0B24300BD87 /* ETAEstimatorTests.swift */,
				3B1FE661B8AB34E6D4E57A4E /* ExplanationBuilderTests.swift */,
				14CAD1B3CF3CA723F4E45456 /* RealtimeTrainsDecodingTests.swift */,
				0799E4E9F8849780821B9D1D /* RecommenderTests.swift */,
				BF7D5421E0E84167815DC6D7 /* UncertaintyModelTests.swift */,
			);
			path = Tests;
			sourceTree = "<group>";
		};
		9E0FAA5B99D645BE06BE8BDE = {
			isa = PBXGroup;
			children = (
				65D841A9F63A484AD6E6F977 /* App */,
				98913D805D1E01927E41328B /* Tests */,
				8BBDB65B1D3985ECCAE99531 /* Products */,
			);
			sourceTree = "<group>";
		};
		A0919E9380545B529FC27E41 /* Support */ = {
			isa = PBXGroup;
			children = (
				AD6FCC5650B755876C1D5FB6 /* Config.swift */,
				CEB798DA880F5AD78E2B8A6F /* DemoConfig.swift */,
				8374F3EF5E8BFF2ADD5E9E87 /* Errors.swift */,
				2EF3F19239E96B123B08E341 /* Geocoding.swift */,
				4272D616BCD2038A4FB3155B /* Secrets.plist */,
				941AFBAE59D81B70C568D5C7 /* Secrets.plist.example */,
				A3A607EF71A0A54D2F13F6AF /* Secrets.swift */,
				EF50C33552F1042EC13A4FC9 /* StationNameMapper.swift */,
			);
			path = Support;
			sourceTree = "<group>";
		};
		B6E9E2992076E0AA1F11FE39 /* Engine */ = {
			isa = PBXGroup;
			children = (
				162A95AE087BA049F55510DA /* BacktestHarness.swift */,
				46EAF1774B23EC95B52BE3DF /* ETAEstimator.swift */,
				842161B7BAAC39CC44D3C81F /* ExplanationBuilder.swift */,
				EA711E927EC04140DF8D1AAE /* Recommender.swift */,
				7740F7261C2BE6DF3BE65BB7 /* RecommenderV2.swift */,
				587037DA9503CFCB3093A8AE /* RouteMapper.swift */,
				AD050FB86C7C9F7478C610C7 /* UncertaintyModel.swift */,
			);
			path = Engine;
			sourceTree = "<group>";
		};
		CDE6FB2DC3507FC97C93960F /* Models */ = {
			isa = PBXGroup;
			children = (
				C5AEEA9A65143B4E3074F567 /* Disruption.swift */,
				C375549C5E0857A858E3A5A4 /* JourneyPlan.swift */,
				2D36E74276B2D99F9460EA5E /* Recommendation.swift */,
				1763DC7A08ACEA21783E735F /* RouteLeg.swift */,
				937A330D89D6345D2550C3FA /* Weather.swift */,
			);
			path = Models;
			sourceTree = "<group>";
		};
		D83E8B5C1253673EC25E4AF3 /* Store */ = {
			isa = PBXGroup;
			children = (
				12D738198272E9772F352B97 /* TripHistoryStore.swift */,
				2B11F2C7E5D9D6D30EA3D17D /* UserPrefs.swift */,
			);
			path = Store;
			sourceTree = "<group>";
		};
/* End PBXGroup section */

/* Begin PBXNativeTarget section */
		A52D321F68CEFEA3EF25508D /* LeaveNowTests */ = {
			isa = PBXNativeTarget;
			buildConfigurationList = B7F022E6DD8FD36F7BE2DCCE /* Build configuration list for PBXNativeTarget "LeaveNowTests" */;
			buildPhases = (
				1F0BDBCD5A904C8D2137B65F /* Sources */,
			);
			buildRules = (
			);
			dependencies = (
				35DC016A482CCD720D7342C7 /* PBXTargetDependency */,
			);
			name = LeaveNowTests;
			packageProductDependencies = (
			);
			productName = LeaveNowTests;
			productReference = 2C4E840C9018B4873333E31D /* LeaveNowTests.xctest */;
			productType = "com.apple.product-type.bundle.unit-test";
		};
		BB271E4184E0968CC4BD61FF /* LeaveNow */ = {
			isa = PBXNativeTarget;
			buildConfigurationList = 122936F3BE971C90ACBAD805 /* Build configuration list for PBXNativeTarget "LeaveNow" */;
			buildPhases = (
				D2B6F9F7EA4319076F6FEB7C /* Sources */,
				8AA4598F35A2DA567DE6856D /* Resources */,
			);
			buildRules = (
			);
			dependencies = (
			);
			name = LeaveNow;
			packageProductDependencies = (
			);
			productName = LeaveNow;
			productReference = 4CF121D705C92F572B90B29D /* LeaveNow.app */;
			productType = "com.apple.product-type.application";
		};
/* End PBXNativeTarget section */

/* Begin PBXProject section */
		5A5D009E0129D7234DE0AA2B /* Project object */ = {
			isa = PBXProject;
			attributes = {
				BuildIndependentTargetsInParallel = YES;
				LastUpgradeCheck = 1430;
				TargetAttributes = {
					A52D321F68CEFEA3EF25508D = {
						ProvisioningStyle = Automatic;
					};
					BB271E4184E0968CC4BD61FF = {
						ProvisioningStyle = Automatic;
					};
				};
			};
			buildConfigurationList = 275AA7F47585A2A400D6D8B0 /* Build configuration list for PBXProject "LeaveNow" */;
			compatibilityVersion = "Xcode 14.0";
			developmentRegion = en;
			hasScannedForEncodings = 0;
			knownRegions = (
				Base,
				en,
			);
			mainGroup = 9E0FAA5B99D645BE06BE8BDE;
			minimizedProjectReferenceProxies = 1;
			preferredProjectObjectVersion = 77;
			projectDirPath = "";
			projectRoot = "";
			targets = (
				BB271E4184E0968CC4BD61FF /* LeaveNow */,
				A52D321F68CEFEA3EF25508D /* LeaveNowTests */,
			);
		};
/* End PBXProject section */

/* Begin PBXResourcesBuildPhase section */
		8AA4598F35A2DA567DE6856D /* Resources */ = {
			isa = PBXResourcesBuildPhase;
			buildActionMask = 2147483647;
			files = (
				980FE00B6E6EA06182E62400 /* Assets.xcassets in Resources */,
				3BC95D50F4BF6A5BF9C2A52F /* Secrets.plist in Resources */,
				22BE16AB4FAFBDE497112422 /* Secrets.plist.example in Resources */,
			);
			runOnlyForDeploymentPostprocessing = 0;
		};
/* End PBXResourcesBuildPhase section */

/* Begin PBXSourcesBuildPhase section */
		1F0BDBCD5A904C8D2137B65F /* Sources */ = {
			isa = PBXSourcesBuildPhase;
			buildActionMask = 2147483647;
			files = (
				1742D71030D0A37624C5B859 /* ETAEstimatorTests.swift in Sources */,
				32E56BCA55F2FF4F1C13C795 /* ExplanationBuilderTests.swift in Sources */,
				CB288580D476E43F0FAF2F51 /* RealtimeTrainsDecodingTests.swift in Sources */,
				B116E06CBC7DC001F68230D3 /* RecommenderTests.swift in Sources */,
				E67E3BF40210CD34A46BE31B /* UncertaintyModelTests.swift in Sources */,
			);
			runOnlyForDeploymentPostprocessing = 0;
		};
		D2B6F9F7EA4319076F6FEB7C /* Sources */ = {
			isa = PBXSourcesBuildPhase;
			buildActionMask = 2147483647;
			files = (
				DA1E3AE3F143CE3764B0F457 /* BacktestHarness.swift in Sources */,
				7CB7A2189C23553D1B286C3E /* Config.swift in Sources */,
				1955E621062DF053FFC1E0D1 /* DemoConfig.swift in Sources */,
				D367CF8A1FD7315643116154 /* DestinationPicker.swift in Sources */,
				D49FB1AC45A76B7E5BDB3570 /* Disruption.swift in Sources */,
				EE3D18454F1A69F700D96C4B /* ETAEstimator.swift in Sources */,
				2380397D22D3AF70F4FC8C67 /* Errors.swift in Sources */,
				3F2F81F2F8BC06BE17F4EF1E /* ExplanationBuilder.swift in Sources */,
				17DA592D09FA450A8D4298F5 /* Geocoding.swift in Sources */,
				64341D956C661ED4252487F5 /* HistoryView.swift in Sources */,
				0C76C9B9EF62C5F47CA66793 /* JourneyPlan.swift in Sources */,
				707B377BDF78E4CC56C156C8 /* LeaveNowApp.swift in Sources */,
				E543512B81A9E36925190016 /* LeaveNowView.swift in Sources */,
				4A0AEE296757DFF939EF4750 /* LocationService.swift in Sources */,
				B05BE2F8E3A8C96FDF7A9C6F /* MapsService.swift in Sources */,
				2090EBE972C5486D6F883651 /* NationalRailLegUpdater.swift in Sources */,
				4498551C9952FAD49458BA00 /* NationalRailService.swift in Sources */,
				701BC9F9B5C8D51CA83372DD /* RealtimeTrainsService.swift in Sources */,
				F7D60A8CA557C51EFC8EC9D5 /* Recommendation.swift in Sources */,
				2234F7AF79411C10E6A4CD01 /* RecommendationCard.swift in Sources */,
				27F318F3CC7E2B2B81731E82 /* RecommendationViewModel.swift in Sources */,
				C3429B97B6A9A91924962173 /* Recommender.swift in Sources */,
				6E2800606CD09E6D1794AA99 /* RecommenderV2.swift in Sources */,
				F0A676185770BECFD2AE2939 /* RouteLeg.swift in Sources */,
				77FC75B12D50616EC560430D /* RouteMapper.swift in Sources */,
				93CB880F45B33BA23B5F7AF0 /* Secrets.swift in Sources */,
				7F891AA2D390B23F7EC876C6 /* SettingsView.swift in Sources */,
				A7B8A7A039CFD3891D67ABD9 /* StationNameMapper.swift in Sources */,
				34F36C2ACB2DC01BC0FBC263 /* TflTransitService.swift in Sources */,
				18F508C9F63FD211D00F2238 /* TrafficAggregation.swift in Sources */,
				49514D671AF6DD71E786399F /* TrafficService.swift in Sources */,
				FC9E3767B26C5E21F6B8245C /* TransitAggregation.swift in Sources */,
				CE95DC519014977FC1CC0387 /* TransitService.swift in Sources */,
				EB9B05EE47725526BEFE5F98 /* TripHistoryStore.swift in Sources */,
				F1CA051F04390745212C3FBF /* UncertaintyModel.swift in Sources */,
				AFE6F47AB1084889EF1F7DA5 /* UserPrefs.swift in Sources */,
				DB21185FB85490E2A366BFB1 /* Weather.swift in Sources */,
				5F3CCB46496604614702C179 /* WeatherService.swift in Sources */,
			);
			runOnlyForDeploymentPostprocessing = 0;
		};
/* End PBXSourcesBuildPhase section */

/* Begin PBXTargetDependency section */
		35DC016A482CCD720D7342C7 /* PBXTargetDependency */ = {
			isa = PBXTargetDependency;
			target = BB271E4184E0968CC4BD61FF /* LeaveNow */;
			targetProxy = 4E2535878BC4E9D3EB8C56A3 /* PBXContainerItemProxy */;
		};
/* End PBXTargetDependency section */

/* Begin XCBuildConfiguration section */
		0EF06A05371633E7B49B3B42 /* Debug */ = {
			isa = XCBuildConfiguration;
			buildSettings = {
				BUNDLE_LOADER = "";
				LD_RUNPATH_SEARCH_PATHS = (
					"$(inherited)",
					"@executable_path/Frameworks",
					"@loader_path/Frameworks",
				);
				SDKROOT = iphoneos;
				TARGETED_DEVICE_FAMILY = "1,2";
				TEST_HOST = "";
			};
			name = Debug;
		};
		1C27AE895AB91EC50D4C5361 /* Release */ = {
			isa = XCBuildConfiguration;
			buildSettings = {
				ALWAYS_SEARCH_USER_PATHS = NO;
				CLANG_ANALYZER_NONNULL = YES;
				CLANG_ANALYZER_NUMBER_OBJECT_CONVERSION = YES_AGGRESSIVE;
				CLANG_CXX_LANGUAGE_STANDARD = "gnu++14";
				CLANG_CXX_LIBRARY = "libc++";
				CLANG_ENABLE_MODULES = YES;
				CLANG_ENABLE_OBJC_ARC = YES;
				CLANG_ENABLE_OBJC_WEAK = YES;
				CLANG_WARN_BLOCK_CAPTURE_AUTORELEASING = YES;
				CLANG_WARN_BOOL_CONVERSION = YES;
				CLANG_WARN_COMMA = YES;
				CLANG_WARN_CONSTANT_CONVERSION = YES;
				CLANG_WARN_DEPRECATED_OBJC_IMPLEMENTATIONS = YES;
				CLANG_WARN_DIRECT_OBJC_ISA_USAGE = YES_ERROR;
				CLANG_WARN_DOCUMENTATION_COMMENTS = YES;
				CLANG_WARN_EMPTY_BODY = YES;
				CLANG_WARN_ENUM_CONVERSION = YES;
				CLANG_WARN_INFINITE_RECURSION = YES;
				CLANG_WARN_INT_CONVERSION = YES;
				CLANG_WARN_NON_LITERAL_NULL_CONVERSION = YES;
				CLANG_WARN_OBJC_IMPLICIT_RETAIN_SELF = YES;
				CLANG_WARN_OBJC_LITERAL_CONVERSION = YES;
				CLANG_WARN_OBJC_ROOT_CLASS = YES_ERROR;
				CLANG_WARN_QUOTED_INCLUDE_IN_FRAMEWORK_HEADER = YES;
				CLANG_WARN_RANGE_LOOP_ANALYSIS = YES;
				CLANG_WARN_STRICT_PROTOTYPES = YES;
				CLANG_WARN_SUSPICIOUS_MOVE = YES;
				CLANG_WARN_UNGUARDED_AVAILABILITY = YES_AGGRESSIVE;
				CLANG_WARN_UNREACHABLE_CODE = YES;
				CLANG_WARN__DUPLICATE_METHOD_MATCH = YES;
				CODE_SIGN_STYLE = Automatic;
				COPY_PHASE_STRIP = NO;
				CURRENT_PROJECT_VERSION = 1;
				DEBUG_INFORMATION_FORMAT = "dwarf-with-dsym";
				ENABLE_NS_ASSERTIONS = NO;
				ENABLE_STRICT_OBJC_MSGSEND = YES;
				GCC_C_LANGUAGE_STANDARD = gnu11;
				GCC_NO_COMMON_BLOCKS = YES;
				GCC_WARN_64_TO_32_BIT_CONVERSION = YES;
				GCC_WARN_ABOUT_RETURN_TYPE = YES_ERROR;
				GCC_WARN_UNDECLARED_SELECTOR = YES;
				GCC_WARN_UNINITIALIZED_AUTOS = YES_AGGRESSIVE;
				GCC_WARN_UNUSED_FUNCTION = YES;
				GCC_WARN_UNUSED_VARIABLE = YES;
				INFOPLIST_FILE = App/Resources/Info.plist;
				IPHONEOS_DEPLOYMENT_TARGET = 17.0;
				MARKETING_VERSION = 1.0;
				MTL_ENABLE_DEBUG_INFO = NO;
				MTL_FAST_MATH = YES;
				PRODUCT_BUNDLE_IDENTIFIER = com.example.LeaveNow;
				PRODUCT_NAME = "$(TARGET_NAME)";
				SDKROOT = iphoneos;
				SWIFT_COMPILATION_MODE = wholemodule;
				SWIFT_OPTIMIZATION_LEVEL = "-O";
				SWIFT_VERSION = 5.9;
			};
			name = Release;
		};
		34226722746EFDCDF77FDACF /* Debug */ = {
			isa = XCBuildConfiguration;
			buildSettings = {
				ASSETCATALOG_COMPILER_APPICON_NAME = AppIcon;
				CODE_SIGNING_ALLOWED = NO;
				CODE_SIGN_IDENTITY = "iPhone Developer";
				INFOPLIST_FILE = App/Resources/Info.plist;
				LD_RUNPATH_SEARCH_PATHS = (
					"$(inherited)",
					"@executable_path/Frameworks",
				);
				PRODUCT_NAME = "Leave Now?";
				SDKROOT = iphoneos;
				TARGETED_DEVICE_FAMILY = "1,2";
			};
			name = Debug;
		};
		886BA2B4C264E6DC5D91F0F9 /* Debug */ = {
			isa = XCBuildConfiguration;
			buildSettings = {
				ALWAYS_SEARCH_USER_PATHS = NO;
				CLANG_ANALYZER_NONNULL = YES;
				CLANG_ANALYZER_NUMBER_OBJECT_CONVERSION = YES_AGGRESSIVE;
				CLANG_CXX_LANGUAGE_STANDARD = "gnu++14";
				CLANG_CXX_LIBRARY = "libc++";
				CLANG_ENABLE_MODULES = YES;
				CLANG_ENABLE_OBJC_ARC = YES;
				CLANG_ENABLE_OBJC_WEAK = YES;
				CLANG_WARN_BLOCK_CAPTURE_AUTORELEASING = YES;
				CLANG_WARN_BOOL_CONVERSION = YES;
				CLANG_WARN_COMMA = YES;
				CLANG_WARN_CONSTANT_CONVERSION = YES;
				CLANG_WARN_DEPRECATED_OBJC_IMPLEMENTATIONS = YES;
				CLANG_WARN_DIRECT_OBJC_ISA_USAGE = YES_ERROR;
				CLANG_WARN_DOCUMENTATION_COMMENTS = YES;
				CLANG_WARN_EMPTY_BODY = YES;
				CLANG_WARN_ENUM_CONVERSION = YES;
				CLANG_WARN_INFINITE_RECURSION = YES;
				CLANG_WARN_INT_CONVERSION = YES;
				CLANG_WARN_NON_LITERAL_NULL_CONVERSION = YES;
				CLANG_WARN_OBJC_IMPLICIT_RETAIN_SELF = YES;
				CLANG_WARN_OBJC_LITERAL_CONVERSION = YES;
				CLANG_WARN_OBJC_ROOT_CLASS = YES_ERROR;
				CLANG_WARN_QUOTED_INCLUDE_IN_FRAMEWORK_HEADER = YES;
				CLANG_WARN_RANGE_LOOP_ANALYSIS = YES;
				CLANG_WARN_STRICT_PROTOTYPES = YES;
				CLANG_WARN_SUSPICIOUS_MOVE = YES;
				CLANG_WARN_UNGUARDED_AVAILABILITY = YES_AGGRESSIVE;
				CLANG_WARN_UNREACHABLE_CODE = YES;
				CLANG_WARN__DUPLICATE_METHOD_MATCH = YES;
				CODE_SIGN_STYLE = Automatic;
				COPY_PHASE_STRIP = NO;
				CURRENT_PROJECT_VERSION = 1;
				DEBUG_INFORMATION_FORMAT = dwarf;
				ENABLE_STRICT_OBJC_MSGSEND = YES;
				ENABLE_TESTABILITY = YES;
				GCC_C_LANGUAGE_STANDARD = gnu11;
				GCC_DYNAMIC_NO_PIC = NO;
				GCC_NO_COMMON_BLOCKS = YES;
				GCC_OPTIMIZATION_LEVEL = 0;
				GCC_PREPROCESSOR_DEFINITIONS = (
					"$(inherited)",
					"DEBUG=1",
				);
				GCC_WARN_64_TO_32_BIT_CONVERSION = YES;
				GCC_WARN_ABOUT_RETURN_TYPE = YES_ERROR;
				GCC_WARN_UNDECLARED_SELECTOR = YES;
				GCC_WARN_UNINITIALIZED_AUTOS = YES_AGGRESSIVE;
				GCC_WARN_UNUSED_FUNCTION = YES;
				GCC_WARN_UNUSED_VARIABLE = YES;
				INFOPLIST_FILE = App/Resources/Info.plist;
				IPHONEOS_DEPLOYMENT_TARGET = 17.0;
				MARKETING_VERSION = 1.0;
				MTL_ENABLE_DEBUG_INFO = INCLUDE_SOURCE;
				MTL_FAST_MATH = YES;
				ONLY_ACTIVE_ARCH = YES;
				PRODUCT_BUNDLE_IDENTIFIER = com.example.LeaveNow;
				PRODUCT_NAME = "$(TARGET_NAME)";
				SDKROOT = iphoneos;
				SWIFT_ACTIVE_COMPILATION_CONDITIONS = DEBUG;
				SWIFT_OPTIMIZATION_LEVEL = "-Onone";
				SWIFT_VERSION = 5.9;
			};
			name = Debug;
		};
		A49F0AA0A8EB4118E3DA00C5 /* Release */ = {
			isa = XCBuildConfiguration;
			buildSettings = {
				BUNDLE_LOADER = "";
				LD_RUNPATH_SEARCH_PATHS = (
					"$(inherited)",
					"@executable_path/Frameworks",
					"@loader_path/Frameworks",
				);
				SDKROOT = iphoneos;
				TARGETED_DEVICE_FAMILY = "1,2";
				TEST_HOST = "";
			};
			name = Release;
		};
		D14EDD9C3798525BA1495DC3 /* Release */ = {
			isa = XCBuildConfiguration;
			buildSettings = {
				ASSETCATALOG_COMPILER_APPICON_NAME = AppIcon;
				CODE_SIGN_IDENTITY = "iPhone Developer";
				INFOPLIST_FILE = App/Resources/Info.plist;
				LD_RUNPATH_SEARCH_PATHS = (
					"$(inherited)",
					"@executable_path/Frameworks",
				);
				PRODUCT_NAME = "Leave Now?";
				SDKROOT = iphoneos;
				TARGETED_DEVICE_FAMILY = "1,2";
			};
			name = Release;
		};
/* End XCBuildConfiguration section */

/* Begin XCConfigurationList section */
		122936F3BE971C90ACBAD805 /* Build configuration list for PBXNativeTarget "LeaveNow" */ = {
			isa = XCConfigurationList;
			buildConfigurations = (
				34226722746EFDCDF77FDACF /* Debug */,
				D14EDD9C3798525BA1495DC3 /* Release */,
			);
			defaultConfigurationIsVisible = 0;
			defaultConfigurationName = Debug;
		};
		275AA7F47585A2A400D6D8B0 /* Build configuration list for PBXProject "LeaveNow" */ = {
			isa = XCConfigurationList;
			buildConfigurations = (
				886BA2B4C264E6DC5D91F0F9 /* Debug */,
				1C27AE895AB91EC50D4C5361 /* Release */,
			);
			defaultConfigurationIsVisible = 0;
			defaultConfigurationName = Debug;
		};
		B7F022E6DD8FD36F7BE2DCCE /* Build configuration list for PBXNativeTarget "LeaveNowTests" */ = {
			isa = XCConfigurationList;
			buildConfigurations = (
				0EF06A05371633E7B49B3B42 /* Debug */,
				A49F0AA0A8EB4118E3DA00C5 /* Release */,
			);
			defaultConfigurationIsVisible = 0;
			defaultConfigurationName = Debug;
		};
/* End XCConfigurationList section */
	};
	rootObject = 5A5D009E0129D7234DE0AA2B /* Project object */;
}
